// !$*UTF8*$!
{
	archiveVersion = 1;
	classes = {
	};
	objectVersion = 51;
	objects = {

/* Begin PBXBuildFile section */
		DED7DB61D16E8AD1FB34D845 /* Pods_MBurgerNewsRelation.framework in Frameworks */ = {isa = PBXBuildFile; fileRef = CC971B3E3140C945C7D3D4BA /* Pods_MBurgerNewsRelation.framework */; };
		EC1022EA235EFEC400DA460B /* AppDelegate.swift in Sources */ = {isa = PBXBuildFile; fileRef = EC1022E9235EFEC400DA460B /* AppDelegate.swift */; };
		EC1022F1235EFEC400DA460B /* Main.storyboard in Resources */ = {isa = PBXBuildFile; fileRef = EC1022EF235EFEC400DA460B /* Main.storyboard */; };
		EC1022F3235EFEC600DA460B /* Assets.xcassets in Resources */ = {isa = PBXBuildFile; fileRef = EC1022F2235EFEC600DA460B /* Assets.xcassets */; };
		EC1022F6235EFEC600DA460B /* LaunchScreen.storyboard in Resources */ = {isa = PBXBuildFile; fileRef = EC1022F4235EFEC600DA460B /* LaunchScreen.storyboard */; };
		EC1022FF235EFF8C00DA460B /* Configuration.swift in Sources */ = {isa = PBXBuildFile; fileRef = EC1022FE235EFF8C00DA460B /* Configuration.swift */; };
		EC102302235EFFC400DA460B /* News.swift in Sources */ = {isa = PBXBuildFile; fileRef = EC102300235EFFC400DA460B /* News.swift */; };
		EC102303235EFFC400DA460B /* NotificationsController.swift in Sources */ = {isa = PBXBuildFile; fileRef = EC102301235EFFC400DA460B /* NotificationsController.swift */; };
		EC102308235EFFE600DA460B /* NewsListViewController.swift in Sources */ = {isa = PBXBuildFile; fileRef = EC102305235EFFE600DA460B /* NewsListViewController.swift */; };
		EC102309235EFFE600DA460B /* NewsTableViewCell.swift in Sources */ = {isa = PBXBuildFile; fileRef = EC102306235EFFE600DA460B /* NewsTableViewCell.swift */; };
		EC10230A235EFFE600DA460B /* InEvidenceNewsTableViewCell.swift in Sources */ = {isa = PBXBuildFile; fileRef = EC102307235EFFE600DA460B /* InEvidenceNewsTableViewCell.swift */; };
		EC10230E235F000200DA460B /* NewsDetailViewController.swift in Sources */ = {isa = PBXBuildFile; fileRef = EC10230C235F000200DA460B /* NewsDetailViewController.swift */; };
		EC10230F235F000200DA460B /* NewsImageCollectionViewCell.swift in Sources */ = {isa = PBXBuildFile; fileRef = EC10230D235F000200DA460B /* NewsImageCollectionViewCell.swift */; };
		EC102312235F001800DA460B /* SettingsViewController.swift in Sources */ = {isa = PBXBuildFile; fileRef = EC102311235F001800DA460B /* SettingsViewController.swift */; };
		EC102314235F037A00DA460B /* AuthorView.swift in Sources */ = {isa = PBXBuildFile; fileRef = EC102313235F037A00DA460B /* AuthorView.swift */; };
		EC7B565B235F068B00857BA2 /* Author.swift in Sources */ = {isa = PBXBuildFile; fileRef = EC7B565A235F068B00857BA2 /* Author.swift */; };
		EC7B565D235F084200857BA2 /* AuthorView.xib in Resources */ = {isa = PBXBuildFile; fileRef = EC7B565C235F084200857BA2 /* AuthorView.xib */; };
/* End PBXBuildFile section */

/* Begin PBXFileReference section */
		29FD652308C07C894D4AAEEE /* Pods-MBurgerNewsRelation.release.xcconfig */ = {isa = PBXFileReference; includeInIndex = 1; lastKnownFileType = text.xcconfig; name = "Pods-MBurgerNewsRelation.release.xcconfig"; path = "Target Support Files/Pods-MBurgerNewsRelation/Pods-MBurgerNewsRelation.release.xcconfig"; sourceTree = "<group>"; };
		B36D00C36FA7AA9CA7F077A4 /* Pods-MBurgerNewsRelation.debug.xcconfig */ = {isa = PBXFileReference; includeInIndex = 1; lastKnownFileType = text.xcconfig; name = "Pods-MBurgerNewsRelation.debug.xcconfig"; path = "Target Support Files/Pods-MBurgerNewsRelation/Pods-MBurgerNewsRelation.debug.xcconfig"; sourceTree = "<group>"; };
		CC971B3E3140C945C7D3D4BA /* Pods_MBurgerNewsRelation.framework */ = {isa = PBXFileReference; explicitFileType = wrapper.framework; includeInIndex = 0; path = Pods_MBurgerNewsRelation.framework; sourceTree = BUILT_PRODUCTS_DIR; };
		EC1022E6235EFEC400DA460B /* MBurgerNewsRelation.app */ = {isa = PBXFileReference; explicitFileType = wrapper.application; includeInIndex = 0; path = MBurgerNewsRelation.app; sourceTree = BUILT_PRODUCTS_DIR; };
		EC1022E9235EFEC400DA460B /* AppDelegate.swift */ = {isa = PBXFileReference; lastKnownFileType = sourcecode.swift; path = AppDelegate.swift; sourceTree = "<group>"; };
		EC1022F0235EFEC400DA460B /* Base */ = {isa = PBXFileReference; lastKnownFileType = file.storyboard; name = Base; path = Base.lproj/Main.storyboard; sourceTree = "<group>"; };
		EC1022F2235EFEC600DA460B /* Assets.xcassets */ = {isa = PBXFileReference; lastKnownFileType = folder.assetcatalog; path = Assets.xcassets; sourceTree = "<group>"; };
		EC1022F5235EFEC600DA460B /* Base */ = {isa = PBXFileReference; lastKnownFileType = file.storyboard; name = Base; path = Base.lproj/LaunchScreen.storyboard; sourceTree = "<group>"; };
		EC1022F7235EFEC600DA460B /* Info.plist */ = {isa = PBXFileReference; lastKnownFileType = text.plist.xml; path = Info.plist; sourceTree = "<group>"; };
		EC1022FD235EFF6D00DA460B /* MBurgerNewsRelation.entitlements */ = {isa = PBXFileReference; lastKnownFileType = text.plist.entitlements; path = MBurgerNewsRelation.entitlements; sourceTree = "<group>"; };
		EC1022FE235EFF8C00DA460B /* Configuration.swift */ = {isa = PBXFileReference; lastKnownFileType = sourcecode.swift; path = Configuration.swift; sourceTree = "<group>"; };
		EC102300235EFFC400DA460B /* News.swift */ = {isa = PBXFileReference; fileEncoding = 4; lastKnownFileType = sourcecode.swift; path = News.swift; sourceTree = "<group>"; };
		EC102301235EFFC400DA460B /* NotificationsController.swift */ = {isa = PBXFileReference; fileEncoding = 4; lastKnownFileType = sourcecode.swift; path = NotificationsController.swift; sourceTree = "<group>"; };
		EC102305235EFFE600DA460B /* NewsListViewController.swift */ = {isa = PBXFileReference; fileEncoding = 4; lastKnownFileType = sourcecode.swift; path = NewsListViewController.swift; sourceTree = "<group>"; };
		EC102306235EFFE600DA460B /* NewsTableViewCell.swift */ = {isa = PBXFileReference; fileEncoding = 4; lastKnownFileType = sourcecode.swift; path = NewsTableViewCell.swift; sourceTree = "<group>"; };
		EC102307235EFFE600DA460B /* InEvidenceNewsTableViewCell.swift */ = {isa = PBXFileReference; fileEncoding = 4; lastKnownFileType = sourcecode.swift; path = InEvidenceNewsTableViewCell.swift; sourceTree = "<group>"; };
		EC10230C235F000200DA460B /* NewsDetailViewController.swift */ = {isa = PBXFileReference; fileEncoding = 4; lastKnownFileType = sourcecode.swift; path = NewsDetailViewController.swift; sourceTree = "<group>"; };
		EC10230D235F000200DA460B /* NewsImageCollectionViewCell.swift */ = {isa = PBXFileReference; fileEncoding = 4; lastKnownFileType = sourcecode.swift; path = NewsImageCollectionViewCell.swift; sourceTree = "<group>"; };
		EC102311235F001800DA460B /* SettingsViewController.swift */ = {isa = PBXFileReference; fileEncoding = 4; lastKnownFileType = sourcecode.swift; path = SettingsViewController.swift; sourceTree = "<group>"; };
		EC102313235F037A00DA460B /* AuthorView.swift */ = {isa = PBXFileReference; lastKnownFileType = sourcecode.swift; path = AuthorView.swift; sourceTree = "<group>"; };
		EC7B565A235F068B00857BA2 /* Author.swift */ = {isa = PBXFileReference; lastKnownFileType = sourcecode.swift; path = Author.swift; sourceTree = "<group>"; };
		EC7B565C235F084200857BA2 /* AuthorView.xib */ = {isa = PBXFileReference; lastKnownFileType = file.xib; path = AuthorView.xib; sourceTree = "<group>"; };
/* End PBXFileReference section */

/* Begin PBXFrameworksBuildPhase section */
		EC1022E3235EFEC400DA460B /* Frameworks */ = {
			isa = PBXFrameworksBuildPhase;
			buildActionMask = 2147483647;
			files = (
				DED7DB61D16E8AD1FB34D845 /* Pods_MBurgerNewsRelation.framework in Frameworks */,
			);
			runOnlyForDeploymentPostprocessing = 0;
		};
/* End PBXFrameworksBuildPhase section */

/* Begin PBXGroup section */
		6D49A71815073D16F935E52F /* Frameworks */ = {
			isa = PBXGroup;
			children = (
				CC971B3E3140C945C7D3D4BA /* Pods_MBurgerNewsRelation.framework */,
			);
			name = Frameworks;
			sourceTree = "<group>";
		};
		B50733A65579C42DD7AC507B /* Pods */ = {
			isa = PBXGroup;
			children = (
				B36D00C36FA7AA9CA7F077A4 /* Pods-MBurgerNewsRelation.debug.xcconfig */,
				29FD652308C07C894D4AAEEE /* Pods-MBurgerNewsRelation.release.xcconfig */,
			);
			path = Pods;
			sourceTree = "<group>";
		};
		EC1022DD235EFEC400DA460B = {
			isa = PBXGroup;
			children = (
				EC1022E8235EFEC400DA460B /* MBurgerNewsRelation */,
				EC1022E7235EFEC400DA460B /* Products */,
				B50733A65579C42DD7AC507B /* Pods */,
				6D49A71815073D16F935E52F /* Frameworks */,
			);
			sourceTree = "<group>";
		};
		EC1022E7235EFEC400DA460B /* Products */ = {
			isa = PBXGroup;
			children = (
				EC1022E6235EFEC400DA460B /* MBurgerNewsRelation.app */,
			);
			name = Products;
			sourceTree = "<group>";
		};
		EC1022E8235EFEC400DA460B /* MBurgerNewsRelation */ = {
			isa = PBXGroup;
			children = (
				EC1022FD235EFF6D00DA460B /* MBurgerNewsRelation.entitlements */,
				EC1022FE235EFF8C00DA460B /* Configuration.swift */,
				EC1022E9235EFEC400DA460B /* AppDelegate.swift */,
				EC102301235EFFC400DA460B /* NotificationsController.swift */,
				ECF040BE235F056F00EE7F4D /* Model */,
				EC102304235EFFCA00DA460B /* News List */,
				EC10230B235EFFEA00DA460B /* News Detail */,
				EC102310235F000B00DA460B /* Settings */,
				EC1022EF235EFEC400DA460B /* Main.storyboard */,
				EC1022F2235EFEC600DA460B /* Assets.xcassets */,
				EC1022F4235EFEC600DA460B /* LaunchScreen.storyboard */,
				EC1022F7235EFEC600DA460B /* Info.plist */,
			);
			path = MBurgerNewsRelation;
			sourceTree = "<group>";
		};
		EC102304235EFFCA00DA460B /* News List */ = {
			isa = PBXGroup;
			children = (
				EC102307235EFFE600DA460B /* InEvidenceNewsTableViewCell.swift */,
				EC102305235EFFE600DA460B /* NewsListViewController.swift */,
				EC102306235EFFE600DA460B /* NewsTableViewCell.swift */,
			);
			path = "News List";
			sourceTree = "<group>";
		};
		EC10230B235EFFEA00DA460B /* News Detail */ = {
			isa = PBXGroup;
			children = (
				EC10230C235F000200DA460B /* NewsDetailViewController.swift */,
				EC10230D235F000200DA460B /* NewsImageCollectionViewCell.swift */,
				EC102315235F043100DA460B /* AuthorView */,
			);
			path = "News Detail";
			sourceTree = "<group>";
		};
		EC102310235F000B00DA460B /* Settings */ = {
			isa = PBXGroup;
			children = (
				EC102311235F001800DA460B /* SettingsViewController.swift */,
			);
			path = Settings;
			sourceTree = "<group>";
		};
		EC102315235F043100DA460B /* AuthorView */ = {
			isa = PBXGroup;
			children = (
				EC102313235F037A00DA460B /* AuthorView.swift */,
				EC7B565C235F084200857BA2 /* AuthorView.xib */,
			);
			path = AuthorView;
			sourceTree = "<group>";
		};
		ECF040BE235F056F00EE7F4D /* Model */ = {
			isa = PBXGroup;
			children = (
				EC102300235EFFC400DA460B /* News.swift */,
				EC7B565A235F068B00857BA2 /* Author.swift */,
			);
			path = Model;
			sourceTree = "<group>";
		};
/* End PBXGroup section */

/* Begin PBXNativeTarget section */
		EC1022E5235EFEC400DA460B /* MBurgerNewsRelation */ = {
			isa = PBXNativeTarget;
			buildConfigurationList = EC1022FA235EFEC600DA460B /* Build configuration list for PBXNativeTarget "MBurgerNewsRelation" */;
			buildPhases = (
				E701E67E85F31126EF77956A /* [CP] Check Pods Manifest.lock */,
				EC1022E2235EFEC400DA460B /* Sources */,
				EC1022E3235EFEC400DA460B /* Frameworks */,
				EC1022E4235EFEC400DA460B /* Resources */,
				31FA28DB12D4677E1789F48B /* [CP] Embed Pods Frameworks */,
			);
			buildRules = (
			);
			dependencies = (
			);
			name = MBurgerNewsRelation;
			productName = MBurgerNewsRelation;
			productReference = EC1022E6235EFEC400DA460B /* MBurgerNewsRelation.app */;
			productType = "com.apple.product-type.application";
		};
/* End PBXNativeTarget section */

/* Begin PBXProject section */
		EC1022DE235EFEC400DA460B /* Project object */ = {
			isa = PBXProject;
			attributes = {
				LastSwiftUpdateCheck = 1110;
				LastUpgradeCheck = 1110;
				ORGANIZATIONNAME = "Lorenzo Oliveto";
				TargetAttributes = {
					EC1022E5235EFEC400DA460B = {
						CreatedOnToolsVersion = 11.1;
					};
				};
			};
			buildConfigurationList = EC1022E1235EFEC400DA460B /* Build configuration list for PBXProject "MBurgerNewsRelation" */;
			compatibilityVersion = "Xcode 9.3";
			developmentRegion = en;
			hasScannedForEncodings = 0;
			knownRegions = (
				en,
				Base,
			);
			mainGroup = EC1022DD235EFEC400DA460B;
			productRefGroup = EC1022E7235EFEC400DA460B /* Products */;
			projectDirPath = "";
			projectRoot = "";
			targets = (
				EC1022E5235EFEC400DA460B /* MBurgerNewsRelation */,
			);
		};
/* End PBXProject section */

/* Begin PBXResourcesBuildPhase section */
		EC1022E4235EFEC400DA460B /* Resources */ = {
			isa = PBXResourcesBuildPhase;
			buildActionMask = 2147483647;
			files = (
				EC1022F6235EFEC600DA460B /* LaunchScreen.storyboard in Resources */,
				EC7B565D235F084200857BA2 /* AuthorView.xib in Resources */,
				EC1022F3235EFEC600DA460B /* Assets.xcassets in Resources */,
				EC1022F1235EFEC400DA460B /* Main.storyboard in Resources */,
			);
			runOnlyForDeploymentPostprocessing = 0;
		};
/* End PBXResourcesBuildPhase section */

/* Begin PBXShellScriptBuildPhase section */
		31FA28DB12D4677E1789F48B /* [CP] Embed Pods Frameworks */ = {
			isa = PBXShellScriptBuildPhase;
			buildActionMask = 2147483647;
			files = (
			);
			inputFileListPaths = (
				"${PODS_ROOT}/Target Support Files/Pods-MBurgerNewsRelation/Pods-MBurgerNewsRelation-frameworks-${CONFIGURATION}-input-files.xcfilelist",
			);
			name = "[CP] Embed Pods Frameworks";
			outputFileListPaths = (
				"${PODS_ROOT}/Target Support Files/Pods-MBurgerNewsRelation/Pods-MBurgerNewsRelation-frameworks-${CONFIGURATION}-output-files.xcfilelist",
			);
			runOnlyForDeploymentPostprocessing = 0;
			shellPath = /bin/sh;
			shellScript = "\"${PODS_ROOT}/Target Support Files/Pods-MBurgerNewsRelation/Pods-MBurgerNewsRelation-frameworks.sh\"\n";
			showEnvVarsInLog = 0;
		};
		E701E67E85F31126EF77956A /* [CP] Check Pods Manifest.lock */ = {
			isa = PBXShellScriptBuildPhase;
			buildActionMask = 2147483647;
			files = (
			);
			inputFileListPaths = (
			);
			inputPaths = (
				"${PODS_PODFILE_DIR_PATH}/Podfile.lock",
				"${PODS_ROOT}/Manifest.lock",
			);
			name = "[CP] Check Pods Manifest.lock";
			outputFileListPaths = (
			);
			outputPaths = (
				"$(DERIVED_FILE_DIR)/Pods-MBurgerNewsRelation-checkManifestLockResult.txt",
			);
			runOnlyForDeploymentPostprocessing = 0;
			shellPath = /bin/sh;
			shellScript = "diff \"${PODS_PODFILE_DIR_PATH}/Podfile.lock\" \"${PODS_ROOT}/Manifest.lock\" > /dev/null\nif [ $? != 0 ] ; then\n    # print error to STDERR\n    echo \"error: The sandbox is not in sync with the Podfile.lock. Run 'pod install' or update your CocoaPods installation.\" >&2\n    exit 1\nfi\n# This output is used by Xcode 'outputs' to avoid re-running this script phase.\necho \"SUCCESS\" > \"${SCRIPT_OUTPUT_FILE_0}\"\n";
			showEnvVarsInLog = 0;
		};
/* End PBXShellScriptBuildPhase section */

/* Begin PBXSourcesBuildPhase section */
		EC1022E2235EFEC400DA460B /* Sources */ = {
			isa = PBXSourcesBuildPhase;
			buildActionMask = 2147483647;
			files = (
				EC10230E235F000200DA460B /* NewsDetailViewController.swift in Sources */,
				EC102308235EFFE600DA460B /* NewsListViewController.swift in Sources */,
				EC1022FF235EFF8C00DA460B /* Configuration.swift in Sources */,
				EC102312235F001800DA460B /* SettingsViewController.swift in Sources */,
				EC10230A235EFFE600DA460B /* InEvidenceNewsTableViewCell.swift in Sources */,
				EC102314235F037A00DA460B /* AuthorView.swift in Sources */,
				EC7B565B235F068B00857BA2 /* Author.swift in Sources */,
				EC102309235EFFE600DA460B /* NewsTableViewCell.swift in Sources */,
				EC102303235EFFC400DA460B /* NotificationsController.swift in Sources */,
				EC102302235EFFC400DA460B /* News.swift in Sources */,
				EC1022EA235EFEC400DA460B /* AppDelegate.swift in Sources */,
				EC10230F235F000200DA460B /* NewsImageCollectionViewCell.swift in Sources */,
			);
			runOnlyForDeploymentPostprocessing = 0;
		};
/* End PBXSourcesBuildPhase section */

/* Begin PBXVariantGroup section */
		EC1022EF235EFEC400DA460B /* Main.storyboard */ = {
			isa = PBXVariantGroup;
			children = (
				EC1022F0235EFEC400DA460B /* Base */,
			);
			name = Main.storyboard;
			sourceTree = "<group>";
		};
		EC1022F4235EFEC600DA460B /* LaunchScreen.storyboard */ = {
			isa = PBXVariantGroup;
			children = (
				EC1022F5235EFEC600DA460B /* Base */,
			);
			name = LaunchScreen.storyboard;
			sourceTree = "<group>";
		};
/* End PBXVariantGroup section */

/* Begin XCBuildConfiguration section */
		EC1022F8235EFEC600DA460B /* Debug */ = {
			isa = XCBuildConfiguration;
			buildSettings = {
				ALWAYS_SEARCH_USER_PATHS = NO;
				CLANG_ANALYZER_NONNULL = YES;
				CLANG_ANALYZER_NUMBER_OBJECT_CONVERSION = YES_AGGRESSIVE;
				CLANG_CXX_LANGUAGE_STANDARD = "gnu++14";
				CLANG_CXX_LIBRARY = "libc++";
				CLANG_ENABLE_MODULES = YES;
				CLANG_ENABLE_OBJC_ARC = YES;
				CLANG_ENABLE_OBJC_WEAK = YES;
				CLANG_WARN_BLOCK_CAPTURE_AUTORELEASING = YES;
				CLANG_WARN_BOOL_CONVERSION = YES;
				CLANG_WARN_COMMA = YES;
				CLANG_WARN_CONSTANT_CONVERSION = YES;
				CLANG_WARN_DEPRECATED_OBJC_IMPLEMENTATIONS = YES;
				CLANG_WARN_DIRECT_OBJC_ISA_USAGE = YES_ERROR;
				CLANG_WARN_DOCUMENTATION_COMMENTS = YES;
				CLANG_WARN_EMPTY_BODY = YES;
				CLANG_WARN_ENUM_CONVERSION = YES;
				CLANG_WARN_INFINITE_RECURSION = YES;
				CLANG_WARN_INT_CONVERSION = YES;
				CLANG_WARN_NON_LITERAL_NULL_CONVERSION = YES;
				CLANG_WARN_OBJC_IMPLICIT_RETAIN_SELF = YES;
				CLANG_WARN_OBJC_LITERAL_CONVERSION = YES;
				CLANG_WARN_OBJC_ROOT_CLASS = YES_ERROR;
				CLANG_WARN_RANGE_LOOP_ANALYSIS = YES;
				CLANG_WARN_STRICT_PROTOTYPES = YES;
				CLANG_WARN_SUSPICIOUS_MOVE = YES;
				CLANG_WARN_UNGUARDED_AVAILABILITY = YES_AGGRESSIVE;
				CLANG_WARN_UNREACHABLE_CODE = YES;
				CLANG_WARN__DUPLICATE_METHOD_MATCH = YES;
				COPY_PHASE_STRIP = NO;
				DEBUG_INFORMATION_FORMAT = dwarf;
				ENABLE_STRICT_OBJC_MSGSEND = YES;
				ENABLE_TESTABILITY = YES;
				GCC_C_LANGUAGE_STANDARD = gnu11;
				GCC_DYNAMIC_NO_PIC = NO;
				GCC_NO_COMMON_BLOCKS = YES;
				GCC_OPTIMIZATION_LEVEL = 0;
				GCC_PREPROCESSOR_DEFINITIONS = (
					"DEBUG=1",
					"$(inherited)",
				);
				GCC_WARN_64_TO_32_BIT_CONVERSION = YES;
				GCC_WARN_ABOUT_RETURN_TYPE = YES_ERROR;
				GCC_WARN_UNDECLARED_SELECTOR = YES;
				GCC_WARN_UNINITIALIZED_AUTOS = YES_AGGRESSIVE;
				GCC_WARN_UNUSED_FUNCTION = YES;
				GCC_WARN_UNUSED_VARIABLE = YES;
				IPHONEOS_DEPLOYMENT_TARGET = 13.1;
				MTL_ENABLE_DEBUG_INFO = INCLUDE_SOURCE;
				MTL_FAST_MATH = YES;
				ONLY_ACTIVE_ARCH = YES;
				SDKROOT = iphoneos;
				SWIFT_ACTIVE_COMPILATION_CONDITIONS = DEBUG;
				SWIFT_OPTIMIZATION_LEVEL = "-Onone";
			};
			name = Debug;
		};
		EC1022F9235EFEC600DA460B /* Release */ = {
			isa = XCBuildConfiguration;
			buildSettings = {
				ALWAYS_SEARCH_USER_PATHS = NO;
				CLANG_ANALYZER_NONNULL = YES;
				CLANG_ANALYZER_NUMBER_OBJECT_CONVERSION = YES_AGGRESSIVE;
				CLANG_CXX_LANGUAGE_STANDARD = "gnu++14";
				CLANG_CXX_LIBRARY = "libc++";
				CLANG_ENABLE_MODULES = YES;
				CLANG_ENABLE_OBJC_ARC = YES;
				CLANG_ENABLE_OBJC_WEAK = YES;
				CLANG_WARN_BLOCK_CAPTURE_AUTORELEASING = YES;
				CLANG_WARN_BOOL_CONVERSION = YES;
				CLANG_WARN_COMMA = YES;
				CLANG_WARN_CONSTANT_CONVERSION = YES;
				CLANG_WARN_DEPRECATED_OBJC_IMPLEMENTATIONS = YES;
				CLANG_WARN_DIRECT_OBJC_ISA_USAGE = YES_ERROR;
				CLANG_WARN_DOCUMENTATION_COMMENTS = YES;
				CLANG_WARN_EMPTY_BODY = YES;
				CLANG_WARN_ENUM_CONVERSION = YES;
				CLANG_WARN_INFINITE_RECURSION = YES;
				CLANG_WARN_INT_CONVERSION = YES;
				CLANG_WARN_NON_LITERAL_NULL_CONVERSION = YES;
				CLANG_WARN_OBJC_IMPLICIT_RETAIN_SELF = YES;
				CLANG_WARN_OBJC_LITERAL_CONVERSION = YES;
				CLANG_WARN_OBJC_ROOT_CLASS = YES_ERROR;
				CLANG_WARN_RANGE_LOOP_ANALYSIS = YES;
				CLANG_WARN_STRICT_PROTOTYPES = YES;
				CLANG_WARN_SUSPICIOUS_MOVE = YES;
				CLANG_WARN_UNGUARDED_AVAILABILITY = YES_AGGRESSIVE;
				CLANG_WARN_UNREACHABLE_CODE = YES;
				CLANG_WARN__DUPLICATE_METHOD_MATCH = YES;
				COPY_PHASE_STRIP = NO;
				DEBUG_INFORMATION_FORMAT = "dwarf-with-dsym";
				ENABLE_NS_ASSERTIONS = NO;
				ENABLE_STRICT_OBJC_MSGSEND = YES;
				GCC_C_LANGUAGE_STANDARD = gnu11;
				GCC_NO_COMMON_BLOCKS = YES;
				GCC_WARN_64_TO_32_BIT_CONVERSION = YES;
				GCC_WARN_ABOUT_RETURN_TYPE = YES_ERROR;
				GCC_WARN_UNDECLARED_SELECTOR = YES;
				GCC_WARN_UNINITIALIZED_AUTOS = YES_AGGRESSIVE;
				GCC_WARN_UNUSED_FUNCTION = YES;
				GCC_WARN_UNUSED_VARIABLE = YES;
				IPHONEOS_DEPLOYMENT_TARGET = 13.1;
				MTL_ENABLE_DEBUG_INFO = NO;
				MTL_FAST_MATH = YES;
				SDKROOT = iphoneos;
				SWIFT_COMPILATION_MODE = wholemodule;
				SWIFT_OPTIMIZATION_LEVEL = "-O";
				VALIDATE_PRODUCT = YES;
			};
			name = Release;
		};
		EC1022FB235EFEC600DA460B /* Debug */ = {
			isa = XCBuildConfiguration;
			baseConfigurationReference = B36D00C36FA7AA9CA7F077A4 /* Pods-MBurgerNewsRelation.debug.xcconfig */;
			buildSettings = {
				ASSETCATALOG_COMPILER_APPICON_NAME = AppIcon;
				CODE_SIGN_ENTITLEMENTS = MBurgerNewsRelation/MBurgerNewsRelation.entitlements;
				CODE_SIGN_STYLE = Automatic;
				DEVELOPMENT_TEAM = AXR257ENWG;
				INFOPLIST_FILE = MBurgerNewsRelation/Info.plist;
				LD_RUNPATH_SEARCH_PATHS = (
					"$(inherited)",
					"@executable_path/Frameworks",
				);
				PRODUCT_BUNDLE_IDENTIFIER = com.mumble.MBurgerNewsRelation;
				PRODUCT_NAME = "$(TARGET_NAME)";
				SWIFT_VERSION = 5.0;
				TARGETED_DEVICE_FAMILY = "1,2";
			};
			name = Debug;
		};
		EC1022FC235EFEC600DA460B /* Release */ = {
			isa = XCBuildConfiguration;
			baseConfigurationReference = 29FD652308C07C894D4AAEEE /* Pods-MBurgerNewsRelation.release.xcconfig */;
			buildSettings = {
				ASSETCATALOG_COMPILER_APPICON_NAME = AppIcon;
				CODE_SIGN_ENTITLEMENTS = MBurgerNewsRelation/MBurgerNewsRelation.entitlements;
				CODE_SIGN_STYLE = Automatic;
				DEVELOPMENT_TEAM = AXR257ENWG;
				INFOPLIST_FILE = MBurgerNewsRelation/Info.plist;
				LD_RUNPATH_SEARCH_PATHS = (
					"$(inherited)",
					"@executable_path/Frameworks",
				);
				PRODUCT_BUNDLE_IDENTIFIER = com.mumble.MBurgerNewsRelation;
				PRODUCT_NAME = "$(TARGET_NAME)";
				SWIFT_VERSION = 5.0;
				TARGETED_DEVICE_FAMILY = "1,2";
			};
			name = Release;
		};
/* End XCBuildConfiguration section */

/* Begin XCConfigurationList section */
		EC1022E1235EFEC400DA460B /* Build configuration list for PBXProject "MBurgerNewsRelation" */ = {
			isa = XCConfigurationList;
			buildConfigurations = (
				EC1022F8235EFEC600DA460B /* Debug */,
				EC1022F9235EFEC600DA460B /* Release */,
			);
			defaultConfigurationIsVisible = 0;
			defaultConfigurationName = Release;
		};
		EC1022FA235EFEC600DA460B /* Build configuration list for PBXNativeTarget "MBurgerNewsRelation" */ = {
			isa = XCConfigurationList;
			buildConfigurations = (
				EC1022FB235EFEC600DA460B /* Debug */,
				EC1022FC235EFEC600DA460B /* Release */,
			);
			defaultConfigurationIsVisible = 0;
			defaultConfigurationName = Release;
		};
/* End XCConfigurationList section */
	};
	rootObject = EC1022DE235EFEC400DA460B /* Project object */;
}
